github.com/spdx/gordf v0.0.0-20201111095634-7098f93598fb/go.mod h1:uKWaldnbMnjsSAXRurWqqrdyZen1R7kxl8TkmWk2OyM=
github.com/spdx/tools-golang v0.0.0-20201122192914-a16d50ee1552 h1:IihYcit36m6IElv+TUZ7ZBrGR5IppvoduM1Bg/PcSKI=
github.com/spdx/tools-golang v0.0.0-20201122192914-a16d50ee1552/go.mod h1:RO4Y3IFROJnz+43JKm1YOrbtgQNljW4gAPpA/sY2eqo=
